
Microsoft Visual Studio Solution File, Format Version 12.00
# Visual Studio 15
VisualStudioVersion = 15.0.27004.2002
MinimumVisualStudioVersion = 10.0.40219.1
Project("{FAE04EC0-301F-11D3-BF4B-00C04F79EFBC}") = "Lib", "Lib\Lib.csproj", "{E457BB2A-9130-4AEA-B8C1-1B03D48B65E3}"
EndProject
Project("{FAE04EC0-301F-11D3-BF4B-00C04F79EFBC}") = "TwitterStream", "TwitterStream\TwitterStream.csproj", "{10EF277E-7E3A-4F76-9A0B-055F9183BBBC}"
EndProject
Project("{9A19103F-16F7-4668-BE54-9A1E7A4F7556}") = "Tests", "Tests\Tests.csproj", "{E68A0613-A026-46A3-82A5-89ABF1CB56AF}"
EndProject
Project("{FAE04EC0-301F-11D3-BF4B-00C04F79EFBC}") = "TwitterDb", "TwitterDb\TwitterDb.csproj", "{969CF618-179B-4315-97A7-BA319EB9744B}"
EndProject
Project("{FAE04EC0-301F-11D3-BF4B-00C04F79EFBC}") = "TwitterUpdate", "TwitterUpdate\TwitterUpdate.csproj", "{0569DA42-CF01-43AC-A51B-F0826A638F30}"
EndProject
Global
	GlobalSection(SolutionConfigurationPlatforms) = preSolution
		Debug|Any CPU = Debug|Any CPU
		Release|Any CPU = Release|Any CPU
	EndGlobalSection
	GlobalSection(ProjectConfigurationPlatforms) = postSolution
		{E457BB2A-9130-4AEA-B8C1-1B03D48B65E3}.Debug|Any CPU.ActiveCfg = Debug|Any CPU
		{E457BB2A-9130-4AEA-B8C1-1B03D48B65E3}.Debug|Any CPU.Build.0 = Debug|Any CPU
		{E457BB2A-9130-4AEA-B8C1-1B03D48B65E3}.Release|Any CPU.ActiveCfg = Release|Any CPU
		{E457BB2A-9130-4AEA-B8C1-1B03D48B65E3}.Release|Any CPU.Build.0 = Release|Any CPU
		{10EF277E-7E3A-4F76-9A0B-055F9183BBBC}.Debug|Any CPU.ActiveCfg = Debug|Any CPU
		{10EF277E-7E3A-4F76-9A0B-055F9183BBBC}.Debug|Any CPU.Build.0 = Debug|Any CPU
		{10EF277E-7E3A-4F76-9A0B-055F9183BBBC}.Release|Any CPU.ActiveCfg = Release|Any CPU
		{10EF277E-7E3A-4F76-9A0B-055F9183BBBC}.Release|Any CPU.Build.0 = Release|Any CPU
		{E68A0613-A026-46A3-82A5-89ABF1CB56AF}.Debug|Any CPU.ActiveCfg = Debug|Any CPU
		{E68A0613-A026-46A3-82A5-89ABF1CB56AF}.Debug|Any CPU.Build.0 = Debug|Any CPU
		{E68A0613-A026-46A3-82A5-89ABF1CB56AF}.Release|Any CPU.ActiveCfg = Release|Any CPU
		{E68A0613-A026-46A3-82A5-89ABF1CB56AF}.Release|Any CPU.Build.0 = Release|Any CPU
		{969CF618-179B-4315-97A7-BA319EB9744B}.Debug|Any CPU.ActiveCfg = Debug|Any CPU
		{969CF618-179B-4315-97A7-BA319EB9744B}.Debug|Any CPU.Build.0 = Debug|Any CPU
		{969CF618-179B-4315-97A7-BA319EB9744B}.Release|Any CPU.ActiveCfg = Release|Any CPU
		{969CF618-179B-4315-97A7-BA319EB9744B}.Release|Any CPU.Build.0 = Release|Any CPU
		{0569DA42-CF01-43AC-A51B-F0826A638F30}.Debug|Any CPU.ActiveCfg = Debug|Any CPU
		{0569DA42-CF01-43AC-A51B-F0826A638F30}.Debug|Any CPU.Build.0 = Debug|Any CPU
		{0569DA42-CF01-43AC-A51B-F0826A638F30}.Release|Any CPU.ActiveCfg = Release|Any CPU
		{0569DA42-CF01-43AC-A51B-F0826A638F30}.Release|Any CPU.Build.0 = Release|Any CPU
	EndGlobalSection
	GlobalSection(SolutionProperties) = preSolution
		HideSolutionNode = FALSE
	EndGlobalSection
	GlobalSection(ExtensibilityGlobals) = postSolution
		SolutionGuid = {F23FEBEC-99E9-45A7-927C-2CBBEBBE126D}
	EndGlobalSection
EndGlobal
